{
  "name": "@bpmn-io/form-js",
  "version": "0.0.12",
  "lockfileVersion": 1,
  "requires": true,
  "dependencies": {
    "@bpmn-io/form-js-viewer": {
      "version": "0.0.4",
      "requires": {
        "solid-js": "^0.24.5"
      },
      "dependencies": {
        "solid-js": {
          "version": "0.24.7",
          "resolved": "https://registry.npmjs.org/solid-js/-/solid-js-0.24.7.tgz",
          "integrity": "sha512-Hi/Kvf3+e+664bBMG5NhZb+0jkWJHvMbWagCDH1AQMODFwoOZABBpUK1xfOhrtHEWMKpIz3fOzg5jOWwd/cdMA=="
        }
      }
    }
  }
}
