{
  "name": "@bpmn-io/form-js-viewer",
  "version": "0.7.0",
  "lockfileVersion": 1,
  "requires": true,
  "dependencies": {
    "@bpmn-io/snarkdown": {
      "version": "2.1.0",
      "resolved": "https://registry.npmjs.org/@bpmn-io/snarkdown/-/snarkdown-2.1.0.tgz",
      "integrity": "sha512-OWe9YQx3Vtnopz0trJCJVI3y7k2EfeR4QkKHfRhukcB7yxG4PD1FGaB5LAxc1wxp66V1S3LU4bqUpJdVhQhIww=="
    },
    "didi": {
      "version": "5.2.1",
      "resolved": "https://registry.npmjs.org/didi/-/didi-5.2.1.tgz",
      "integrity": "sha512-IKNnajUlD4lWMy/Q9Emkk7H1qnzREgY4UyE3IhmOi/9IKua0JYtYldk928bOdt1yNxN8EiOy1sqtSozEYsmjCg=="
    },
    "ids": {
      "version": "1.0.0",
      "resolved": "https://registry.npmjs.org/ids/-/ids-1.0.0.tgz",
      "integrity": "sha512-Zvtq1xUto4LttpstyOlFum8lKx+i1OmRfg+6A9drFS9iSZsDPMHG4Sof/qwNR4kCU7jBeWFPrY2ocHxiz7cCRw=="
    },
    "min-dash": {
      "version": "3.8.0",
      "resolved": "https://registry.npmjs.org/min-dash/-/min-dash-3.8.0.tgz",
      "integrity": "sha512-a0TLbmL6p4RlNGblZcLd2yjPORp+bCYRlNGvwK5OMwWaMROWh1DlRgN9W8jJm2x9gVuscvD38BEosV7cnikKnw=="
    },
    "preact": {
      "version": "10.5.14",
      "resolved": "https://registry.npmjs.org/preact/-/preact-10.5.14.tgz",
      "integrity": "sha512-KojoltCrshZ099ksUZ2OQKfbH66uquFoxHSbnwKbTJHeQNvx42EmC7wQVWNuDt6vC5s3nudRHFtKbpY4ijKlaQ=="
    },
    "preact-markup": {
      "version": "2.1.1",
      "resolved": "https://registry.npmjs.org/preact-markup/-/preact-markup-2.1.1.tgz",
      "integrity": "sha512-8JL2p36mzK8XkspOyhBxUSPjYwMxDM0L5BWBZWxsZMVW8WsGQrYQDgVuDKkRspt2hwrle+Cxr/053hpc9BJwfw=="
    }
  }
}
