{
  "name": "@bpmn-io/form-js-viewer",
  "version": "0.2.4",
  "lockfileVersion": 1,
  "requires": true,
  "dependencies": {
    "didi": {
      "version": "5.2.1",
      "resolved": "https://registry.npmjs.org/didi/-/didi-5.2.1.tgz",
      "integrity": "sha512-IKNnajUlD4lWMy/Q9Emkk7H1qnzREgY4UyE3IhmOi/9IKua0JYtYldk928bOdt1yNxN8EiOy1sqtSozEYsmjCg=="
    },
    "min-dash": {
      "version": "3.7.0",
      "resolved": "https://registry.npmjs.org/min-dash/-/min-dash-3.7.0.tgz",
      "integrity": "sha512-IlEbbItQU7tipoa4aAWocSuhR76jKqQG/N2+/Mh7d+BLZ3UmQl57ppKhziPY/TXBGps9+M8BC1c7AzqcYLp5BA=="
    },
    "preact": {
      "version": "10.5.12",
      "resolved": "https://registry.npmjs.org/preact/-/preact-10.5.12.tgz",
      "integrity": "sha512-r6siDkuD36oszwlCkcqDJCAKBQxGoeEGytw2DGMD5A/GGdu5Tymw+N2OBXwvOLxg6d1FeY8MgMV3cc5aVQo4Cg=="
    },
    "preact-markup": {
      "version": "2.1.1",
      "resolved": "https://registry.npmjs.org/preact-markup/-/preact-markup-2.1.1.tgz",
      "integrity": "sha512-8JL2p36mzK8XkspOyhBxUSPjYwMxDM0L5BWBZWxsZMVW8WsGQrYQDgVuDKkRspt2hwrle+Cxr/053hpc9BJwfw=="
    },
    "snarkdown": {
      "version": "2.0.0",
      "resolved": "https://registry.npmjs.org/snarkdown/-/snarkdown-2.0.0.tgz",
      "integrity": "sha512-MgL/7k/AZdXCTJiNgrO7chgDqaB9FGM/1Tvlcenenb7div6obaDATzs16JhFyHHBGodHT3B7RzRc5qk8pFhg3A=="
    }
  }
}
