{
  "name": "@bpmn-io/form-js-editor",
  "version": "0.0.12",
  "lockfileVersion": 1,
  "requires": true,
  "dependencies": {
    "min-dash": {
      "version": "3.7.0",
      "resolved": "https://registry.npmjs.org/min-dash/-/min-dash-3.7.0.tgz",
      "integrity": "sha512-IlEbbItQU7tipoa4aAWocSuhR76jKqQG/N2+/Mh7d+BLZ3UmQl57ppKhziPY/TXBGps9+M8BC1c7AzqcYLp5BA==",
      "dev": true
    }
  }
}
