{
  "name": "@bpmn-io/form-js-editor",
  "version": "0.0.12",
  "lockfileVersion": 1,
  "requires": true,
  "dependencies": {
    "array-move": {
      "version": "3.0.1",
      "resolved": "https://registry.npmjs.org/array-move/-/array-move-3.0.1.tgz",
      "integrity": "sha512-H3Of6NIn2nNU1gsVDqDnYKY/LCdWvCMMOWifNGhKcVQgiZ6nOek39aESOvro6zmueP07exSl93YLvkN4fZOkSg==",
      "dev": true
    },
    "atoa": {
      "version": "1.0.0",
      "resolved": "https://registry.npmjs.org/atoa/-/atoa-1.0.0.tgz",
      "integrity": "sha1-DMDpGkgOc4+SPrwQNnZHF3mzSkk=",
      "dev": true
    },
    "contra": {
      "version": "1.9.4",
      "resolved": "https://registry.npmjs.org/contra/-/contra-1.9.4.tgz",
      "integrity": "sha1-9TveQtfltZhcrk2ZqNYQUm3o8o0=",
      "dev": true,
      "requires": {
        "atoa": "1.0.0",
        "ticky": "1.0.1"
      }
    },
    "crossvent": {
      "version": "1.5.5",
      "resolved": "https://registry.npmjs.org/crossvent/-/crossvent-1.5.5.tgz",
      "integrity": "sha1-rSCHjkkh6b5z2daXb4suzQ9xoLE=",
      "dev": true,
      "requires": {
        "custom-event": "^1.0.0"
      }
    },
    "custom-event": {
      "version": "1.0.1",
      "resolved": "https://registry.npmjs.org/custom-event/-/custom-event-1.0.1.tgz",
      "integrity": "sha1-XQKkaFCt8bSjF5RqOSj8y1v9BCU=",
      "dev": true
    },
    "dragula": {
      "version": "3.7.3",
      "resolved": "https://registry.npmjs.org/dragula/-/dragula-3.7.3.tgz",
      "integrity": "sha512-/rRg4zRhcpf81TyDhaHLtXt6sEywdfpv1cRUMeFFy7DuypH2U0WUL0GTdyAQvXegviT4PJK4KuMmOaIDpICseQ==",
      "dev": true,
      "requires": {
        "contra": "1.9.4",
        "crossvent": "1.5.5"
      }
    },
    "min-dash": {
      "version": "3.7.0",
      "resolved": "https://registry.npmjs.org/min-dash/-/min-dash-3.7.0.tgz",
      "integrity": "sha512-IlEbbItQU7tipoa4aAWocSuhR76jKqQG/N2+/Mh7d+BLZ3UmQl57ppKhziPY/TXBGps9+M8BC1c7AzqcYLp5BA==",
      "dev": true
    },
    "ticky": {
      "version": "1.0.1",
      "resolved": "https://registry.npmjs.org/ticky/-/ticky-1.0.1.tgz",
      "integrity": "sha1-t8+nHnaPHJAAxJe5FRswlHxQ5G0=",
      "dev": true
    }
  }
}
